
Microsoft Visual Studio Solution File, Format Version 12.00
Project("{2150E333-8FDC-42A3-9474-1A3956D46DE8}") = "Domain", "Domain", "{F866E5DA-DAD0-4666-9D02-904F2C45B13B}"
EndProject
Project("{FAE04EC0-301F-11D3-BF4B-00C04F79EFBC}") = "Auth.Domain", "Auth.Domain\Auth.Domain.csproj", "{CF47AD6A-937D-4282-9CD3-0ECB5305017C}"
EndProject
Project("{2150E333-8FDC-42A3-9474-1A3956D46DE8}") = "Application", "Application", "{A100F61C-17A2-4E19-9A55-7423EE04A745}"
EndProject
Project("{2150E333-8FDC-42A3-9474-1A3956D46DE8}") = "Infra", "Infra", "{77CEC2CB-7089-4D0C-87E6-208E8A14EB60}"
EndProject
Project("{FAE04EC0-301F-11D3-BF4B-00C04F79EFBC}") = "Auth.Tests", "Auth.Tests\Auth.Tests.csproj", "{5E3B5852-701A-497F-B135-2692DF3301ED}"
EndProject
Global
	GlobalSection(SolutionConfigurationPlatforms) = preSolution
		Debug|Any CPU = Debug|Any CPU
		Debug|x64 = Debug|x64
		Debug|x86 = Debug|x86
		Release|Any CPU = Release|Any CPU
		Release|x64 = Release|x64
		Release|x86 = Release|x86
	EndGlobalSection
	GlobalSection(ProjectConfigurationPlatforms) = postSolution
		{CF47AD6A-937D-4282-9CD3-0ECB5305017C}.Debug|Any CPU.ActiveCfg = Debug|Any CPU
		{CF47AD6A-937D-4282-9CD3-0ECB5305017C}.Debug|Any CPU.Build.0 = Debug|Any CPU
		{CF47AD6A-937D-4282-9CD3-0ECB5305017C}.Debug|x64.ActiveCfg = Debug|Any CPU
		{CF47AD6A-937D-4282-9CD3-0ECB5305017C}.Debug|x64.Build.0 = Debug|Any CPU
		{CF47AD6A-937D-4282-9CD3-0ECB5305017C}.Debug|x86.ActiveCfg = Debug|Any CPU
		{CF47AD6A-937D-4282-9CD3-0ECB5305017C}.Debug|x86.Build.0 = Debug|Any CPU
		{CF47AD6A-937D-4282-9CD3-0ECB5305017C}.Release|Any CPU.ActiveCfg = Release|Any CPU
		{CF47AD6A-937D-4282-9CD3-0ECB5305017C}.Release|Any CPU.Build.0 = Release|Any CPU
		{CF47AD6A-937D-4282-9CD3-0ECB5305017C}.Release|x64.ActiveCfg = Release|Any CPU
		{CF47AD6A-937D-4282-9CD3-0ECB5305017C}.Release|x64.Build.0 = Release|Any CPU
		{CF47AD6A-937D-4282-9CD3-0ECB5305017C}.Release|x86.ActiveCfg = Release|Any CPU
		{CF47AD6A-937D-4282-9CD3-0ECB5305017C}.Release|x86.Build.0 = Release|Any CPU
		{5E3B5852-701A-497F-B135-2692DF3301ED}.Debug|Any CPU.ActiveCfg = Debug|Any CPU
		{5E3B5852-701A-497F-B135-2692DF3301ED}.Debug|Any CPU.Build.0 = Debug|Any CPU
		{5E3B5852-701A-497F-B135-2692DF3301ED}.Debug|x64.ActiveCfg = Debug|Any CPU
		{5E3B5852-701A-497F-B135-2692DF3301ED}.Debug|x64.Build.0 = Debug|Any CPU
		{5E3B5852-701A-497F-B135-2692DF3301ED}.Debug|x86.ActiveCfg = Debug|Any CPU
		{5E3B5852-701A-497F-B135-2692DF3301ED}.Debug|x86.Build.0 = Debug|Any CPU
		{5E3B5852-701A-497F-B135-2692DF3301ED}.Release|Any CPU.ActiveCfg = Release|Any CPU
		{5E3B5852-701A-497F-B135-2692DF3301ED}.Release|Any CPU.Build.0 = Release|Any CPU
		{5E3B5852-701A-497F-B135-2692DF3301ED}.Release|x64.ActiveCfg = Release|Any CPU
		{5E3B5852-701A-497F-B135-2692DF3301ED}.Release|x64.Build.0 = Release|Any CPU
		{5E3B5852-701A-497F-B135-2692DF3301ED}.Release|x86.ActiveCfg = Release|Any CPU
		{5E3B5852-701A-497F-B135-2692DF3301ED}.Release|x86.Build.0 = Release|Any CPU
	EndGlobalSection
	GlobalSection(SolutionProperties) = preSolution
		HideSolutionNode = FALSE
	EndGlobalSection
	GlobalSection(NestedProjects) = preSolution
		{CF47AD6A-937D-4282-9CD3-0ECB5305017C} = {F866E5DA-DAD0-4666-9D02-904F2C45B13B}
		{5E3B5852-701A-497F-B135-2692DF3301ED} = {A100F61C-17A2-4E19-9A55-7423EE04A745}
	EndGlobalSection
EndGlobal
